// !$*UTF8*$!
{
	archiveVersion = 1;
	classes = {
	};
	objectVersion = 50;
	objects = {

/* Begin PBXBuildFile section */
		7C866C78247BE6450020B2C5 /* AppDelegate.swift in Sources */ = {isa = PBXBuildFile; fileRef = 7C866C77247BE6450020B2C5 /* AppDelegate.swift */; };
		7C866C7A247BE6450020B2C5 /* SceneDelegate.swift in Sources */ = {isa = PBXBuildFile; fileRef = 7C866C79247BE6450020B2C5 /* SceneDelegate.swift */; };
		7C866C7C247BE6450020B2C5 /* ViewController.swift in Sources */ = {isa = PBXBuildFile; fileRef = 7C866C7B247BE6450020B2C5 /* ViewController.swift */; };
		7C866C7F247BE6450020B2C5 /* Main.storyboard in Resources */ = {isa = PBXBuildFile; fileRef = 7C866C7D247BE6450020B2C5 /* Main.storyboard */; };
		7C866C81247BE64C0020B2C5 /* Assets.xcassets in Resources */ = {isa = PBXBuildFile; fileRef = 7C866C80247BE64C0020B2C5 /* Assets.xcassets */; };
		7C866C84247BE64D0020B2C5 /* LaunchScreen.storyboard in Resources */ = {isa = PBXBuildFile; fileRef = 7C866C82247BE64D0020B2C5 /* LaunchScreen.storyboard */; };
		7C866C8F247BE64F0020B2C5 /* praca_magisterska_swiftTests.swift in Sources */ = {isa = PBXBuildFile; fileRef = 7C866C8E247BE64F0020B2C5 /* praca_magisterska_swiftTests.swift */; };
		7C866C9A247BE64F0020B2C5 /* praca_magisterska_swiftUITests.swift in Sources */ = {isa = PBXBuildFile; fileRef = 7C866C99247BE64F0020B2C5 /* praca_magisterska_swiftUITests.swift */; };
/* End PBXBuildFile section */

/* Begin PBXContainerItemProxy section */
		7C866C8B247BE64F0020B2C5 /* PBXContainerItemProxy */ = {
			isa = PBXContainerItemProxy;
			containerPortal = 7C866C6C247BE6440020B2C5 /* Project object */;
			proxyType = 1;
			remoteGlobalIDString = 7C866C73247BE6450020B2C5;
			remoteInfo = praca_magisterska_swift;
		};
		7C866C96247BE64F0020B2C5 /* PBXContainerItemProxy */ = {
			isa = PBXContainerItemProxy;
			containerPortal = 7C866C6C247BE6440020B2C5 /* Project object */;
			proxyType = 1;
			remoteGlobalIDString = 7C866C73247BE6450020B2C5;
			remoteInfo = praca_magisterska_swift;
		};
/* End PBXContainerItemProxy section */

/* Begin PBXFileReference section */
		7C866C74247BE6450020B2C5 /* praca_magisterska_swift.app */ = {isa = PBXFileReference; explicitFileType = wrapper.application; includeInIndex = 0; path = praca_magisterska_swift.app; sourceTree = BUILT_PRODUCTS_DIR; };
		7C866C77247BE6450020B2C5 /* AppDelegate.swift */ = {isa = PBXFileReference; lastKnownFileType = sourcecode.swift; path = AppDelegate.swift; sourceTree = "<group>"; };
		7C866C79247BE6450020B2C5 /* SceneDelegate.swift */ = {isa = PBXFileReference; lastKnownFileType = sourcecode.swift; path = SceneDelegate.swift; sourceTree = "<group>"; };
		7C866C7B247BE6450020B2C5 /* ViewController.swift */ = {isa = PBXFileReference; lastKnownFileType = sourcecode.swift; path = ViewController.swift; sourceTree = "<group>"; };
		7C866C7E247BE6450020B2C5 /* Base */ = {isa = PBXFileReference; lastKnownFileType = file.storyboard; name = Base; path = Base.lproj/Main.storyboard; sourceTree = "<group>"; };
		7C866C80247BE64C0020B2C5 /* Assets.xcassets */ = {isa = PBXFileReference; lastKnownFileType = folder.assetcatalog; path = Assets.xcassets; sourceTree = "<group>"; };
		7C866C83247BE64D0020B2C5 /* Base */ = {isa = PBXFileReference; lastKnownFileType = file.storyboard; name = Base; path = Base.lproj/LaunchScreen.storyboard; sourceTree = "<group>"; };
		7C866C85247BE64D0020B2C5 /* Info.plist */ = {isa = PBXFileReference; lastKnownFileType = text.plist.xml; path = Info.plist; sourceTree = "<group>"; };
		7C866C8A247BE64F0020B2C5 /* praca_magisterska_swiftTests.xctest */ = {isa = PBXFileReference; explicitFileType = wrapper.cfbundle; includeInIndex = 0; path = praca_magisterska_swiftTests.xctest; sourceTree = BUILT_PRODUCTS_DIR; };
		7C866C8E247BE64F0020B2C5 /* praca_magisterska_swiftTests.swift */ = {isa = PBXFileReference; lastKnownFileType = sourcecode.swift; path = praca_magisterska_swiftTests.swift; sourceTree = "<group>"; };
		7C866C90247BE64F0020B2C5 /* Info.plist */ = {isa = PBXFileReference; lastKnownFileType = text.plist.xml; path = Info.plist; sourceTree = "<group>"; };
		7C866C95247BE64F0020B2C5 /* praca_magisterska_swiftUITests.xctest */ = {isa = PBXFileReference; explicitFileType = wrapper.cfbundle; includeInIndex = 0; path = praca_magisterska_swiftUITests.xctest; sourceTree = BUILT_PRODUCTS_DIR; };
		7C866C99247BE64F0020B2C5 /* praca_magisterska_swiftUITests.swift */ = {isa = PBXFileReference; lastKnownFileType = sourcecode.swift; path = praca_magisterska_swiftUITests.swift; sourceTree = "<group>"; };
		7C866C9B247BE6500020B2C5 /* Info.plist */ = {isa = PBXFileReference; lastKnownFileType = text.plist.xml; path = Info.plist; sourceTree = "<group>"; };
/* End PBXFileReference section */

/* Begin PBXFrameworksBuildPhase section */
		7C866C71247BE6450020B2C5 /* Frameworks */ = {
			isa = PBXFrameworksBuildPhase;
			buildActionMask = 2147483647;
			files = (
			);
			runOnlyForDeploymentPostprocessing = 0;
		};
		7C866C87247BE64F0020B2C5 /* Frameworks */ = {
			isa = PBXFrameworksBuildPhase;
			buildActionMask = 2147483647;
			files = (
			);
			runOnlyForDeploymentPostprocessing = 0;
		};
		7C866C92247BE64F0020B2C5 /* Frameworks */ = {
			isa = PBXFrameworksBuildPhase;
			buildActionMask = 2147483647;
			files = (
			);
			runOnlyForDeploymentPostprocessing = 0;
		};
/* End PBXFrameworksBuildPhase section */

/* Begin PBXGroup section */
		7C866C6B247BE6440020B2C5 = {
			isa = PBXGroup;
			children = (
				7C866C76247BE6450020B2C5 /* praca_magisterska_swift */,
				7C866C8D247BE64F0020B2C5 /* praca_magisterska_swiftTests */,
				7C866C98247BE64F0020B2C5 /* praca_magisterska_swiftUITests */,
				7C866C75247BE6450020B2C5 /* Products */,
			);
			sourceTree = "<group>";
		};
		7C866C75247BE6450020B2C5 /* Products */ = {
			isa = PBXGroup;
			children = (
				7C866C74247BE6450020B2C5 /* praca_magisterska_swift.app */,
				7C866C8A247BE64F0020B2C5 /* praca_magisterska_swiftTests.xctest */,
				7C866C95247BE64F0020B2C5 /* praca_magisterska_swiftUITests.xctest */,
			);
			name = Products;
			sourceTree = "<group>";
		};
		7C866C76247BE6450020B2C5 /* praca_magisterska_swift */ = {
			isa = PBXGroup;
			children = (
				7C866C77247BE6450020B2C5 /* AppDelegate.swift */,
				7C866C79247BE6450020B2C5 /* SceneDelegate.swift */,
				7C866C7B247BE6450020B2C5 /* ViewController.swift */,
				7C866C7D247BE6450020B2C5 /* Main.storyboard */,
				7C866C80247BE64C0020B2C5 /* Assets.xcassets */,
				7C866C82247BE64D0020B2C5 /* LaunchScreen.storyboard */,
				7C866C85247BE64D0020B2C5 /* Info.plist */,
			);
			path = praca_magisterska_swift;
			sourceTree = "<group>";
		};
		7C866C8D247BE64F0020B2C5 /* praca_magisterska_swiftTests */ = {
			isa = PBXGroup;
			children = (
				7C866C8E247BE64F0020B2C5 /* praca_magisterska_swiftTests.swift */,
				7C866C90247BE64F0020B2C5 /* Info.plist */,
			);
			path = praca_magisterska_swiftTests;
			sourceTree = "<group>";
		};
		7C866C98247BE64F0020B2C5 /* praca_magisterska_swiftUITests */ = {
			isa = PBXGroup;
			children = (
				7C866C99247BE64F0020B2C5 /* praca_magisterska_swiftUITests.swift */,
				7C866C9B247BE6500020B2C5 /* Info.plist */,
			);
			path = praca_magisterska_swiftUITests;
			sourceTree = "<group>";
		};
/* End PBXGroup section */

/* Begin PBXNativeTarget section */
		7C866C73247BE6450020B2C5 /* praca_magisterska_swift */ = {
			isa = PBXNativeTarget;
			buildConfigurationList = 7C866C9E247BE6500020B2C5 /* Build configuration list for PBXNativeTarget "praca_magisterska_swift" */;
			buildPhases = (
				7C866C70247BE6450020B2C5 /* Sources */,
				7C866C71247BE6450020B2C5 /* Frameworks */,
				7C866C72247BE6450020B2C5 /* Resources */,
			);
			buildRules = (
			);
			dependencies = (
			);
			name = praca_magisterska_swift;
			productName = praca_magisterska_swift;
			productReference = 7C866C74247BE6450020B2C5 /* praca_magisterska_swift.app */;
			productType = "com.apple.product-type.application";
		};
		7C866C89247BE64F0020B2C5 /* praca_magisterska_swiftTests */ = {
			isa = PBXNativeTarget;
			buildConfigurationList = 7C866CA1247BE6500020B2C5 /* Build configuration list for PBXNativeTarget "praca_magisterska_swiftTests" */;
			buildPhases = (
				7C866C86247BE64F0020B2C5 /* Sources */,
				7C866C87247BE64F0020B2C5 /* Frameworks */,
				7C866C88247BE64F0020B2C5 /* Resources */,
			);
			buildRules = (
			);
			dependencies = (
				7C866C8C247BE64F0020B2C5 /* PBXTargetDependency */,
			);
			name = praca_magisterska_swiftTests;
			productName = praca_magisterska_swiftTests;
			productReference = 7C866C8A247BE64F0020B2C5 /* praca_magisterska_swiftTests.xctest */;
			productType = "com.apple.product-type.bundle.unit-test";
		};
		7C866C94247BE64F0020B2C5 /* praca_magisterska_swiftUITests */ = {
			isa = PBXNativeTarget;
			buildConfigurationList = 7C866CA4247BE6500020B2C5 /* Build configuration list for PBXNativeTarget "praca_magisterska_swiftUITests" */;
			buildPhases = (
				7C866C91247BE64F0020B2C5 /* Sources */,
				7C866C92247BE64F0020B2C5 /* Frameworks */,
				7C866C93247BE64F0020B2C5 /* Resources */,
			);
			buildRules = (
			);
			dependencies = (
				7C866C97247BE64F0020B2C5 /* PBXTargetDependency */,
			);
			name = praca_magisterska_swiftUITests;
			productName = praca_magisterska_swiftUITests;
			productReference = 7C866C95247BE64F0020B2C5 /* praca_magisterska_swiftUITests.xctest */;
			productType = "com.apple.product-type.bundle.ui-testing";
		};
/* End PBXNativeTarget section */

/* Begin PBXProject section */
		7C866C6C247BE6440020B2C5 /* Project object */ = {
			isa = PBXProject;
			attributes = {
				LastSwiftUpdateCheck = 1150;
				LastUpgradeCheck = 1150;
				ORGANIZATIONNAME = "Damian Szczygielski";
				TargetAttributes = {
					7C866C73247BE6450020B2C5 = {
						CreatedOnToolsVersion = 11.5;
					};
					7C866C89247BE64F0020B2C5 = {
						CreatedOnToolsVersion = 11.5;
						TestTargetID = 7C866C73247BE6450020B2C5;
					};
					7C866C94247BE64F0020B2C5 = {
						CreatedOnToolsVersion = 11.5;
						TestTargetID = 7C866C73247BE6450020B2C5;
					};
				};
			};
			buildConfigurationList = 7C866C6F247BE6440020B2C5 /* Build configuration list for PBXProject "praca_magisterska_swift" */;
			compatibilityVersion = "Xcode 9.3";
			developmentRegion = en;
			hasScannedForEncodings = 0;
			knownRegions = (
				en,
				Base,
			);
			mainGroup = 7C866C6B247BE6440020B2C5;
			productRefGroup = 7C866C75247BE6450020B2C5 /* Products */;
			projectDirPath = "";
			projectRoot = "";
			targets = (
				7C866C73247BE6450020B2C5 /* praca_magisterska_swift */,
				7C866C89247BE64F0020B2C5 /* praca_magisterska_swiftTests */,
				7C866C94247BE64F0020B2C5 /* praca_magisterska_swiftUITests */,
			);
		};
/* End PBXProject section */

/* Begin PBXResourcesBuildPhase section */
		7C866C72247BE6450020B2C5 /* Resources */ = {
			isa = PBXResourcesBuildPhase;
			buildActionMask = 2147483647;
			files = (
				7C866C84247BE64D0020B2C5 /* LaunchScreen.storyboard in Resources */,
				7C866C81247BE64C0020B2C5 /* Assets.xcassets in Resources */,
				7C866C7F247BE6450020B2C5 /* Main.storyboard in Resources */,
			);
			runOnlyForDeploymentPostprocessing = 0;
		};
		7C866C88247BE64F0020B2C5 /* Resources */ = {
			isa = PBXResourcesBuildPhase;
			buildActionMask = 2147483647;
			files = (
			);
			runOnlyForDeploymentPostprocessing = 0;
		};
		7C866C93247BE64F0020B2C5 /* Resources */ = {
			isa = PBXResourcesBuildPhase;
			buildActionMask = 2147483647;
			files = (
			);
			runOnlyForDeploymentPostprocessing = 0;
		};
/* End PBXResourcesBuildPhase section */

/* Begin PBXSourcesBuildPhase section */
		7C866C70247BE6450020B2C5 /* Sources */ = {
			isa = PBXSourcesBuildPhase;
			buildActionMask = 2147483647;
			files = (
				7C866C7C247BE6450020B2C5 /* ViewController.swift in Sources */,
				7C866C78247BE6450020B2C5 /* AppDelegate.swift in Sources */,
				7C866C7A247BE6450020B2C5 /* SceneDelegate.swift in Sources */,
			);
			runOnlyForDeploymentPostprocessing = 0;
		};
		7C866C86247BE64F0020B2C5 /* Sources */ = {
			isa = PBXSourcesBuildPhase;
			buildActionMask = 2147483647;
			files = (
				7C866C8F247BE64F0020B2C5 /* praca_magisterska_swiftTests.swift in Sources */,
			);
			runOnlyForDeploymentPostprocessing = 0;
		};
		7C866C91247BE64F0020B2C5 /* Sources */ = {
			isa = PBXSourcesBuildPhase;
			buildActionMask = 2147483647;
			files = (
				7C866C9A247BE64F0020B2C5 /* praca_magisterska_swiftUITests.swift in Sources */,
			);
			runOnlyForDeploymentPostprocessing = 0;
		};
/* End PBXSourcesBuildPhase section */

/* Begin PBXTargetDependency section */
		7C866C8C247BE64F0020B2C5 /* PBXTargetDependency */ = {
			isa = PBXTargetDependency;
			target = 7C866C73247BE6450020B2C5 /* praca_magisterska_swift */;
			targetProxy = 7C866C8B247BE64F0020B2C5 /* PBXContainerItemProxy */;
		};
		7C866C97247BE64F0020B2C5 /* PBXTargetDependency */ = {
			isa = PBXTargetDependency;
			target = 7C866C73247BE6450020B2C5 /* praca_magisterska_swift */;
			targetProxy = 7C866C96247BE64F0020B2C5 /* PBXContainerItemProxy */;
		};
/* End PBXTargetDependency section */

/* Begin PBXVariantGroup section */
		7C866C7D247BE6450020B2C5 /* Main.storyboard */ = {
			isa = PBXVariantGroup;
			children = (
				7C866C7E247BE6450020B2C5 /* Base */,
			);
			name = Main.storyboard;
			sourceTree = "<group>";
		};
		7C866C82247BE64D0020B2C5 /* LaunchScreen.storyboard */ = {
			isa = PBXVariantGroup;
			children = (
				7C866C83247BE64D0020B2C5 /* Base */,
			);
			name = LaunchScreen.storyboard;
			sourceTree = "<group>";
		};
/* End PBXVariantGroup section */

/* Begin XCBuildConfiguration section */
		7C866C9C247BE6500020B2C5 /* Debug */ = {
			isa = XCBuildConfiguration;
			buildSettings = {
				ALWAYS_SEARCH_USER_PATHS = NO;
				CLANG_ANALYZER_NONNULL = YES;
				CLANG_ANALYZER_NUMBER_OBJECT_CONVERSION = YES_AGGRESSIVE;
				CLANG_CXX_LANGUAGE_STANDARD = "gnu++14";
				CLANG_CXX_LIBRARY = "libc++";
				CLANG_ENABLE_MODULES = YES;
				CLANG_ENABLE_OBJC_ARC = YES;
				CLANG_ENABLE_OBJC_WEAK = YES;
				CLANG_WARN_BLOCK_CAPTURE_AUTORELEASING = YES;
				CLANG_WARN_BOOL_CONVERSION = YES;
				CLANG_WARN_COMMA = YES;
				CLANG_WARN_CONSTANT_CONVERSION = YES;
				CLANG_WARN_DEPRECATED_OBJC_IMPLEMENTATIONS = YES;
				CLANG_WARN_DIRECT_OBJC_ISA_USAGE = YES_ERROR;
				CLANG_WARN_DOCUMENTATION_COMMENTS = YES;
				CLANG_WARN_EMPTY_BODY = YES;
				CLANG_WARN_ENUM_CONVERSION = YES;
				CLANG_WARN_INFINITE_RECURSION = YES;
				CLANG_WARN_INT_CONVERSION = YES;
				CLANG_WARN_NON_LITERAL_NULL_CONVERSION = YES;
				CLANG_WARN_OBJC_IMPLICIT_RETAIN_SELF = YES;
				CLANG_WARN_OBJC_LITERAL_CONVERSION = YES;
				CLANG_WARN_OBJC_ROOT_CLASS = YES_ERROR;
				CLANG_WARN_RANGE_LOOP_ANALYSIS = YES;
				CLANG_WARN_STRICT_PROTOTYPES = YES;
				CLANG_WARN_SUSPICIOUS_MOVE = YES;
				CLANG_WARN_UNGUARDED_AVAILABILITY = YES_AGGRESSIVE;
				CLANG_WARN_UNREACHABLE_CODE = YES;
				CLANG_WARN__DUPLICATE_METHOD_MATCH = YES;
				COPY_PHASE_STRIP = NO;
				DEBUG_INFORMATION_FORMAT = dwarf;
				ENABLE_STRICT_OBJC_MSGSEND = YES;
				ENABLE_TESTABILITY = YES;
				GCC_C_LANGUAGE_STANDARD = gnu11;
				GCC_DYNAMIC_NO_PIC = NO;
				GCC_NO_COMMON_BLOCKS = YES;
				GCC_OPTIMIZATION_LEVEL = 0;
				GCC_PREPROCESSOR_DEFINITIONS = (
					"DEBUG=1",
					"$(inherited)",
				);
				GCC_WARN_64_TO_32_BIT_CONVERSION = YES;
				GCC_WARN_ABOUT_RETURN_TYPE = YES_ERROR;
				GCC_WARN_UNDECLARED_SELECTOR = YES;
				GCC_WARN_UNINITIALIZED_AUTOS = YES_AGGRESSIVE;
				GCC_WARN_UNUSED_FUNCTION = YES;
				GCC_WARN_UNUSED_VARIABLE = YES;
				IPHONEOS_DEPLOYMENT_TARGET = 13.5;
				MTL_ENABLE_DEBUG_INFO = INCLUDE_SOURCE;
				MTL_FAST_MATH = YES;
				ONLY_ACTIVE_ARCH = YES;
				SDKROOT = iphoneos;
				SWIFT_ACTIVE_COMPILATION_CONDITIONS = DEBUG;
				SWIFT_OPTIMIZATION_LEVEL = "-Onone";
			};
			name = Debug;
		};
		7C866C9D247BE6500020B2C5 /* Release */ = {
			isa = XCBuildConfiguration;
			buildSettings = {
				ALWAYS_SEARCH_USER_PATHS = NO;
				CLANG_ANALYZER_NONNULL = YES;
				CLANG_ANALYZER_NUMBER_OBJECT_CONVERSION = YES_AGGRESSIVE;
				CLANG_CXX_LANGUAGE_STANDARD = "gnu++14";
				CLANG_CXX_LIBRARY = "libc++";
				CLANG_ENABLE_MODULES = YES;
				CLANG_ENABLE_OBJC_ARC = YES;
				CLANG_ENABLE_OBJC_WEAK = YES;
				CLANG_WARN_BLOCK_CAPTURE_AUTORELEASING = YES;
				CLANG_WARN_BOOL_CONVERSION = YES;
				CLANG_WARN_COMMA = YES;
				CLANG_WARN_CONSTANT_CONVERSION = YES;
				CLANG_WARN_DEPRECATED_OBJC_IMPLEMENTATIONS = YES;
				CLANG_WARN_DIRECT_OBJC_ISA_USAGE = YES_ERROR;
				CLANG_WARN_DOCUMENTATION_COMMENTS = YES;
				CLANG_WARN_EMPTY_BODY = YES;
				CLANG_WARN_ENUM_CONVERSION = YES;
				CLANG_WARN_INFINITE_RECURSION = YES;
				CLANG_WARN_INT_CONVERSION = YES;
				CLANG_WARN_NON_LITERAL_NULL_CONVERSION = YES;
				CLANG_WARN_OBJC_IMPLICIT_RETAIN_SELF = YES;
				CLANG_WARN_OBJC_LITERAL_CONVERSION = YES;
				CLANG_WARN_OBJC_ROOT_CLASS = YES_ERROR;
				CLANG_WARN_RANGE_LOOP_ANALYSIS = YES;
				CLANG_WARN_STRICT_PROTOTYPES = YES;
				CLANG_WARN_SUSPICIOUS_MOVE = YES;
				CLANG_WARN_UNGUARDED_AVAILABILITY = YES_AGGRESSIVE;
				CLANG_WARN_UNREACHABLE_CODE = YES;
				CLANG_WARN__DUPLICATE_METHOD_MATCH = YES;
				COPY_PHASE_STRIP = NO;
				DEBUG_INFORMATION_FORMAT = "dwarf-with-dsym";
				ENABLE_NS_ASSERTIONS = NO;
				ENABLE_STRICT_OBJC_MSGSEND = YES;
				GCC_C_LANGUAGE_STANDARD = gnu11;
				GCC_NO_COMMON_BLOCKS = YES;
				GCC_WARN_64_TO_32_BIT_CONVERSION = YES;
				GCC_WARN_ABOUT_RETURN_TYPE = YES_ERROR;
				GCC_WARN_UNDECLARED_SELECTOR = YES;
				GCC_WARN_UNINITIALIZED_AUTOS = YES_AGGRESSIVE;
				GCC_WARN_UNUSED_FUNCTION = YES;
				GCC_WARN_UNUSED_VARIABLE = YES;
				IPHONEOS_DEPLOYMENT_TARGET = 13.5;
				MTL_ENABLE_DEBUG_INFO = NO;
				MTL_FAST_MATH = YES;
				SDKROOT = iphoneos;
				SWIFT_COMPILATION_MODE = wholemodule;
				SWIFT_OPTIMIZATION_LEVEL = "-O";
				VALIDATE_PRODUCT = YES;
			};
			name = Release;
		};
		7C866C9F247BE6500020B2C5 /* Debug */ = {
			isa = XCBuildConfiguration;
			buildSettings = {
				ASSETCATALOG_COMPILER_APPICON_NAME = AppIcon;
				CODE_SIGN_STYLE = Automatic;
				DEVELOPMENT_TEAM = 2DL5RY2XKD;
				INFOPLIST_FILE = praca_magisterska_swift/Info.plist;
				LD_RUNPATH_SEARCH_PATHS = (
					"$(inherited)",
					"@executable_path/Frameworks",
				);
				PRODUCT_BUNDLE_IDENTIFIER = "com.damian.praca-magisterska-swift";
				PRODUCT_NAME = "$(TARGET_NAME)";
				SWIFT_VERSION = 5.0;
				TARGETED_DEVICE_FAMILY = "1,2";
			};
			name = Debug;
		};
		7C866CA0247BE6500020B2C5 /* Release */ = {
			isa = XCBuildConfiguration;
			buildSettings = {
				ASSETCATALOG_COMPILER_APPICON_NAME = AppIcon;
				CODE_SIGN_STYLE = Automatic;
				DEVELOPMENT_TEAM = 2DL5RY2XKD;
				INFOPLIST_FILE = praca_magisterska_swift/Info.plist;
				LD_RUNPATH_SEARCH_PATHS = (
					"$(inherited)",
					"@executable_path/Frameworks",
				);
				PRODUCT_BUNDLE_IDENTIFIER = "com.damian.praca-magisterska-swift";
				PRODUCT_NAME = "$(TARGET_NAME)";
				SWIFT_VERSION = 5.0;
				TARGETED_DEVICE_FAMILY = "1,2";
			};
			name = Release;
		};
		7C866CA2247BE6500020B2C5 /* Debug */ = {
			isa = XCBuildConfiguration;
			buildSettings = {
				ALWAYS_EMBED_SWIFT_STANDARD_LIBRARIES = YES;
				BUNDLE_LOADER = "$(TEST_HOST)";
				CODE_SIGN_STYLE = Automatic;
				DEVELOPMENT_TEAM = 2DL5RY2XKD;
				INFOPLIST_FILE = praca_magisterska_swiftTests/Info.plist;
				IPHONEOS_DEPLOYMENT_TARGET = 13.5;
				LD_RUNPATH_SEARCH_PATHS = (
					"$(inherited)",
					"@executable_path/Frameworks",
					"@loader_path/Frameworks",
				);
				PRODUCT_BUNDLE_IDENTIFIER = "com.damian.praca-magisterska-swiftTests";
				PRODUCT_NAME = "$(TARGET_NAME)";
				SWIFT_VERSION = 5.0;
				TARGETED_DEVICE_FAMILY = "1,2";
				TEST_HOST = "$(BUILT_PRODUCTS_DIR)/praca_magisterska_swift.app/praca_magisterska_swift";
			};
			name = Debug;
		};
		7C866CA3247BE6500020B2C5 /* Release */ = {
			isa = XCBuildConfiguration;
			buildSettings = {
				ALWAYS_EMBED_SWIFT_STANDARD_LIBRARIES = YES;
				BUNDLE_LOADER = "$(TEST_HOST)";
				CODE_SIGN_STYLE = Automatic;
				DEVELOPMENT_TEAM = 2DL5RY2XKD;
				INFOPLIST_FILE = praca_magisterska_swiftTests/Info.plist;
				IPHONEOS_DEPLOYMENT_TARGET = 13.5;
				LD_RUNPATH_SEARCH_PATHS = (
					"$(inherited)",
					"@executable_path/Frameworks",
					"@loader_path/Frameworks",
				);
				PRODUCT_BUNDLE_IDENTIFIER = "com.damian.praca-magisterska-swiftTests";
				PRODUCT_NAME = "$(TARGET_NAME)";
				SWIFT_VERSION = 5.0;
				TARGETED_DEVICE_FAMILY = "1,2";
				TEST_HOST = "$(BUILT_PRODUCTS_DIR)/praca_magisterska_swift.app/praca_magisterska_swift";
			};
			name = Release;
		};
		7C866CA5247BE6500020B2C5 /* Debug */ = {
			isa = XCBuildConfiguration;
			buildSettings = {
				ALWAYS_EMBED_SWIFT_STANDARD_LIBRARIES = YES;
				CODE_SIGN_STYLE = Automatic;
				DEVELOPMENT_TEAM = 2DL5RY2XKD;
				INFOPLIST_FILE = praca_magisterska_swiftUITests/Info.plist;
				LD_RUNPATH_SEARCH_PATHS = (
					"$(inherited)",
					"@executable_path/Frameworks",
					"@loader_path/Frameworks",
				);
				PRODUCT_BUNDLE_IDENTIFIER = "com.damian.praca-magisterska-swiftUITests";
				PRODUCT_NAME = "$(TARGET_NAME)";
				SWIFT_VERSION = 5.0;
				TARGETED_DEVICE_FAMILY = "1,2";
				TEST_TARGET_NAME = praca_magisterska_swift;
			};
			name = Debug;
		};
		7C866CA6247BE6500020B2C5 /* Release */ = {
			isa = XCBuildConfiguration;
			buildSettings = {
				ALWAYS_EMBED_SWIFT_STANDARD_LIBRARIES = YES;
				CODE_SIGN_STYLE = Automatic;
				DEVELOPMENT_TEAM = 2DL5RY2XKD;
				INFOPLIST_FILE = praca_magisterska_swiftUITests/Info.plist;
				LD_RUNPATH_SEARCH_PATHS = (
					"$(inherited)",
					"@executable_path/Frameworks",
					"@loader_path/Frameworks",
				);
				PRODUCT_BUNDLE_IDENTIFIER = "com.damian.praca-magisterska-swiftUITests";
				PRODUCT_NAME = "$(TARGET_NAME)";
				SWIFT_VERSION = 5.0;
				TARGETED_DEVICE_FAMILY = "1,2";
				TEST_TARGET_NAME = praca_magisterska_swift;
			};
			name = Release;
		};
/* End XCBuildConfiguration section */

/* Begin XCConfigurationList section */
		7C866C6F247BE6440020B2C5 /* Build configuration list for PBXProject "praca_magisterska_swift" */ = {
			isa = XCConfigurationList;
			buildConfigurations = (
				7C866C9C247BE6500020B2C5 /* Debug */,
				7C866C9D247BE6500020B2C5 /* Release */,
			);
			defaultConfigurationIsVisible = 0;
			defaultConfigurationName = Release;
		};
		7C866C9E247BE6500020B2C5 /* Build configuration list for PBXNativeTarget "praca_magisterska_swift" */ = {
			isa = XCConfigurationList;
			buildConfigurations = (
				7C866C9F247BE6500020B2C5 /* Debug */,
				7C866CA0247BE6500020B2C5 /* Release */,
			);
			defaultConfigurationIsVisible = 0;
			defaultConfigurationName = Release;
		};
		7C866CA1247BE6500020B2C5 /* Build configuration list for PBXNativeTarget "praca_magisterska_swiftTests" */ = {
			isa = XCConfigurationList;
			buildConfigurations = (
				7C866CA2247BE6500020B2C5 /* Debug */,
				7C866CA3247BE6500020B2C5 /* Release */,
			);
			defaultConfigurationIsVisible = 0;
			defaultConfigurationName = Release;
		};
		7C866CA4247BE6500020B2C5 /* Build configuration list for PBXNativeTarget "praca_magisterska_swiftUITests" */ = {
			isa = XCConfigurationList;
			buildConfigurations = (
				7C866CA5247BE6500020B2C5 /* Debug */,
				7C866CA6247BE6500020B2C5 /* Release */,
			);
			defaultConfigurationIsVisible = 0;
			defaultConfigurationName = Release;
		};
/* End XCConfigurationList section */
	};
	rootObject = 7C866C6C247BE6440020B2C5 /* Project object */;
}
